github.com/tarantool/go-iproto v1.1.0 h1:HULVOIHsiehI+FnHfM7wMDntuzUddO09DKqu2WnFQ5A=
github.com/tarantool/go-iproto v1.1.0/go.mod h1:LNCtdyZxojUed8SbOiYHoc3v9NvaZTB7p96hUySMlIo=
github.com/tarantool/go-tarantool/v2 v2.4.1 h1:Bk9mh+gMPVmHTSefHvVBpEkf6P2UZA/8xa5kqgyQtyo=
github.com/tarantool/go-tarantool/v2 v2.4.1/go.mod h1:MTbhdjFc3Jl63Lgi/UJr5D+QbT+QegqOzsNJGmaw7VM=
github.com/vmihailenco/msgpack/v5 v5.4.1 h1:cQriyiUvjTwOHg8QZaPihLWeRAAVoCpE00IUPn0Bjt8=
github.com/vmihailenco/msgpack/v5 v5.4.1/go.mod h1:GaZTsDaehaPpQVyxrf5mtQlH+pc21PIudVV/E3rRQok=
github.com/vmihailenco/tagparser/v2 v2.0.0 h1:y09buUbR+b5aycVFQs/g70pqKVZNBmxwAhO7/IwNM9g=
github.com/vmihailenco/tagparser/v2 v2.0.0/go.mod h1:Wri+At7QHww0WTrCBeu4J6bNtoV6mEfg5OIWRZA9qds=
